{
  "name": "ryan",
  "version": "0.3.0",
  "lockfileVersion": 1,
  "requires": true,
  "dependencies": {
    "addressparser": {
      "version": "0.3.2",
      "resolved": "https://registry.npmjs.org/addressparser/-/addressparser-0.3.2.tgz",
      "integrity": "sha1-WYc/Nej89sc2HBAjkmHXbhU0i7I=",
      "dev": true
    },
    "ansi-gray": {
      "version": "0.1.1",
      "resolved": "https://registry.npmjs.org/ansi-gray/-/ansi-gray-0.1.1.tgz",
      "integrity": "sha1-KWLPVOyXksSFEKPetSRDaGHvclE=",
      "dev": true,
      "requires": {
        "ansi-wrap": "0.1.0"
      }
    },
    "ansi-wrap": {
      "version": "0.1.0",
      "resolved": "https://registry.npmjs.org/ansi-wrap/-/ansi-wrap-0.1.0.tgz",
      "integrity": "sha1-qCJQ3bABXponyoLoLqYDu/pF768=",
      "dev": true
    },
    "aws-sdk": {
      "version": "2.0.5",
      "resolved": "https://registry.npmjs.org/aws-sdk/-/aws-sdk-2.0.5.tgz",
      "integrity": "sha1-8+uxiY0GMre2Zy6Nd3KMu7afmMY=",
      "dev": true,
      "requires": {
        "aws-sdk-apis": "3.x",
        "xml2js": "0.2.6",
        "xmlbuilder": "0.4.2"
      }
    },
    "aws-sdk-apis": {
      "version": "3.1.10",
      "resolved": "https://registry.npmjs.org/aws-sdk-apis/-/aws-sdk-apis-3.1.10.tgz",
      "integrity": "sha1-Tu2X9ZChbPCA/RuNjP3yRy3oqw4=",
      "dev": true
    },
    "color-support": {
      "version": "1.1.3",
      "resolved": "https://registry.npmjs.org/color-support/-/color-support-1.1.3.tgz",
      "integrity": "sha512-qiBjkpbMLO/HL68y+lh4q0/O1MZFj2RX6X/KmMa3+gJD3z+WwI1ZzDHysvqHGS3mP6mznPckpXmw1nI9cJjyRg==",
      "dev": true
    },
    "core-util-is": {
      "version": "1.0.2",
      "resolved": "https://registry.npmjs.org/core-util-is/-/core-util-is-1.0.2.tgz",
      "integrity": "sha1-tf1UIgqivFq1eqtxQMlAdUUDwac=",
      "dev": true
    },
    "directmail": {
      "version": "0.1.8",
      "resolved": "https://registry.npmjs.org/directmail/-/directmail-0.1.8.tgz",
      "integrity": "sha1-5IUsigxVGb70kE/Nltdggi9CpEY=",
      "dev": true,
      "requires": {
        "simplesmtp": "~0.3.30"
      }
    },
    "dkim-signer": {
      "version": "0.1.2",
      "resolved": "https://registry.npmjs.org/dkim-signer/-/dkim-signer-0.1.2.tgz",
      "integrity": "sha1-L/XWHIfY+/9aixMc/8XsO6HCVVM=",
      "dev": true,
      "requires": {
        "mimelib": "~0.2.15",
        "punycode": "~1.2.4"
      }
    },
    "encoding": {
      "version": "0.1.12",
      "resolved": "https://registry.npmjs.org/encoding/-/encoding-0.1.12.tgz",
      "integrity": "sha1-U4tm8+5izRq1HsMjgp0flIDHS+s=",
      "dev": true,
      "requires": {
        "iconv-lite": "~0.4.13"
      }
    },
    "follow-redirects": {
      "version": "0.0.3",
      "resolved": "https://registry.npmjs.org/follow-redirects/-/follow-redirects-0.0.3.tgz",
      "integrity": "sha1-bOZ6JNsf4T8ibBFxpyp+8rF7j2U=",
      "dev": true,
      "requires": {
        "underscore": "^1.9.1"
      },
      "dependencies": {
        "underscore": {
          "version": "1.9.1",
          "resolved": "https://registry.npmjs.org/underscore/-/underscore-1.9.1.tgz",
          "integrity": "sha512-5/4etnCkd9c8gwgowi5/om/mYO5ajCaOgdzj/oW+0eQV9WxKBDZw5+ycmKmeaTXjInS/W0BzpGLo2xR2aBwZdg==",
          "dev": true
        }
      }
    },
    "gulp-mail": {
      "version": "0.3.0",
      "resolved": "https://registry.npmjs.org/gulp-mail/-/gulp-mail-0.3.0.tgz",
      "integrity": "sha512-/8cXwnUxVy1R0ODhYJEzmgx06lRFZikod/21wbssf9uxwb+UKI2BWywSPgnQxJxnwQDKvzEB10H+k9n2CDiw0A==",
      "dev": true,
      "requires": {
        "ansi-colors": "^1.1.0",
        "fancy-log": "^1.3.2",
        "nodemailer": "^0.7.1",
        "through2": "^0.6.1",
        "underscore": "^1.7.0"
      },
      "dependencies": {
        "ansi-colors": {
          "version": "1.1.0",
          "resolved": "https://registry.npmjs.org/ansi-colors/-/ansi-colors-1.1.0.tgz",
          "integrity": "sha512-SFKX67auSNoVR38N3L+nvsPjOE0bybKTYbkf5tRvushrAPQ9V75huw0ZxBkKVeRU9kqH3d6HA4xTckbwZ4ixmA==",
          "dev": true,
          "requires": {
            "ansi-wrap": "^0.1.0"
          }
        },
        "fancy-log": {
          "version": "1.3.2",
          "resolved": "https://registry.npmjs.org/fancy-log/-/fancy-log-1.3.2.tgz",
          "integrity": "sha1-9BEl49hPLn2JpD0G2VjI94vha+E=",
          "dev": true,
          "requires": {
            "ansi-gray": "^0.1.1",
            "color-support": "^1.1.3",
            "time-stamp": "^1.0.0"
          }
        },
        "nodemailer": {
          "version": "0.7.1",
          "resolved": "https://registry.npmjs.org/nodemailer/-/nodemailer-0.7.1.tgz",
          "integrity": "sha1-HsgZ4kNiIwCgCr50bLXTOJwPMWw=",
          "dev": true,
          "requires": {
            "aws-sdk": "2.0.5",
            "directmail": "~0.1.7",
            "he": "~0.3.6",
            "mailcomposer": "~0.2.10",
            "public-address": "~0.1.1",
            "readable-stream": "~1.1.9",
            "simplesmtp": "~0.2 || ~0.3.30"
          }
        },
        "through2": {
          "version": "0.6.5",
          "resolved": "https://registry.npmjs.org/through2/-/through2-0.6.5.tgz",
          "integrity": "sha1-QaucZ7KdVyCQcUEOHXp6lozTrUg=",
          "dev": true,
          "requires": {
            "readable-stream": ">=1.0.33-1 <1.1.0-0",
            "xtend": ">=4.0.0 <4.1.0-0"
          },
          "dependencies": {
            "readable-stream": {
              "version": "1.0.34",
              "resolved": "https://registry.npmjs.org/readable-stream/-/readable-stream-1.0.34.tgz",
              "integrity": "sha1-Elgg40vIQtLyqq+v5MKRbuMsFXw=",
              "dev": true,
              "requires": {
                "core-util-is": "~1.0.0",
                "inherits": "~2.0.1",
                "isarray": "0.0.1",
                "string_decoder": "~0.10.x"
              }
            }
          }
        },
        "underscore": {
          "version": "1.9.1",
          "resolved": "https://registry.npmjs.org/underscore/-/underscore-1.9.1.tgz",
          "integrity": "sha512-5/4etnCkd9c8gwgowi5/om/mYO5ajCaOgdzj/oW+0eQV9WxKBDZw5+ycmKmeaTXjInS/W0BzpGLo2xR2aBwZdg==",
          "dev": true
        }
      }
    },
    "he": {
      "version": "0.3.6",
      "resolved": "https://registry.npmjs.org/he/-/he-0.3.6.tgz",
      "integrity": "sha1-nXvERud5Y5MzAd1gLVcxy4YRNeA=",
      "dev": true
    },
    "iconv-lite": {
      "version": "0.4.23",
      "resolved": "https://registry.npmjs.org/iconv-lite/-/iconv-lite-0.4.23.tgz",
      "integrity": "sha512-neyTUVFtahjf0mB3dZT77u+8O0QB89jFdnBkd5P1JgYPbPaia3gXXOVL2fq8VyU2gMMD7SaN7QukTB/pmXYvDA==",
      "dev": true,
      "requires": {
        "safer-buffer": ">= 2.1.2 < 3"
      }
    },
    "inherits": {
      "version": "2.0.3",
      "resolved": "https://registry.npmjs.org/inherits/-/inherits-2.0.3.tgz",
      "integrity": "sha1-Yzwsg+PaQqUC9SRmAiSA9CCCYd4=",
      "dev": true
    },
    "isarray": {
      "version": "0.0.1",
      "resolved": "https://registry.npmjs.org/isarray/-/isarray-0.0.1.tgz",
      "integrity": "sha1-ihis/Kmo9Bd+Cav8YDiTmwXR7t8=",
      "dev": true
    },
    "mailcomposer": {
      "version": "0.2.12",
      "resolved": "https://registry.npmjs.org/mailcomposer/-/mailcomposer-0.2.12.tgz",
      "integrity": "sha1-TQKmBGFq3LRfs203UT9MG9C3VoE=",
      "dev": true,
      "requires": {
        "dkim-signer": "~0.1.1",
        "follow-redirects": "0.0.3",
        "he": "~0.3.6",
        "mime": "~1.2.11",
        "mimelib": "~0.2.15"
      }
    },
    "mime": {
      "version": "1.2.11",
      "resolved": "https://registry.npmjs.org/mime/-/mime-1.2.11.tgz",
      "integrity": "sha1-WCA+7Ybjpe8XrtK32evUfwpg3RA=",
      "dev": true
    },
    "mimelib": {
      "version": "0.2.19",
      "resolved": "https://registry.npmjs.org/mimelib/-/mimelib-0.2.19.tgz",
      "integrity": "sha1-N+yQpqx9AJVIUdCywxYY8KSdoO4=",
      "dev": true,
      "requires": {
        "addressparser": "~0.3.2",
        "encoding": "~0.1.7"
      }
    },
    "public-address": {
      "version": "0.1.2",
      "resolved": "https://registry.npmjs.org/public-address/-/public-address-0.1.2.tgz",
      "integrity": "sha1-+V8+DPKLifllsPGI/RJnrAhWVS8=",
      "dev": true
    },
    "punycode": {
      "version": "1.2.4",
      "resolved": "https://registry.npmjs.org/punycode/-/punycode-1.2.4.tgz",
      "integrity": "sha1-VACKyXKux0F13vnLpt9/qdORh0A=",
      "dev": true
    },
    "rai": {
      "version": "0.1.12",
      "resolved": "https://registry.npmjs.org/rai/-/rai-0.1.12.tgz",
      "integrity": "sha1-jM/QFND5YIYw3XPBm45LBXdUpqY=",
      "dev": true
    },
    "readable-stream": {
      "version": "1.1.14",
      "resolved": "https://registry.npmjs.org/readable-stream/-/readable-stream-1.1.14.tgz",
      "integrity": "sha1-fPTFTvZI44EwhMY23SB54WbAgdk=",
      "dev": true,
      "optional": true,
      "requires": {
        "core-util-is": "~1.0.0",
        "inherits": "~2.0.1",
        "isarray": "0.0.1",
        "string_decoder": "~0.10.x"
      }
    },
    "safer-buffer": {
      "version": "2.1.2",
      "resolved": "https://registry.npmjs.org/safer-buffer/-/safer-buffer-2.1.2.tgz",
      "integrity": "sha512-YZo3K82SD7Riyi0E1EQPojLz7kpepnSQI9IyPbHHg1XXXevb5dJI7tpyN2ADxGcQbHG7vcyRHk0cbwqcQriUtg==",
      "dev": true
    },
    "sax": {
      "version": "0.4.2",
      "resolved": "https://registry.npmjs.org/sax/-/sax-0.4.2.tgz",
      "integrity": "sha1-OfO2AXM9a+yXEFskKipA/Wl4rDw=",
      "dev": true
    },
    "simplesmtp": {
      "version": "0.3.35",
      "resolved": "https://registry.npmjs.org/simplesmtp/-/simplesmtp-0.3.35.tgz",
      "integrity": "sha1-AXseuLJjF6w20qKoqTJjGIBzagM=",
      "dev": true,
      "requires": {
        "rai": "~0.1.11",
        "xoauth2": "~0.1.8"
      }
    },
    "string_decoder": {
      "version": "0.10.31",
      "resolved": "https://registry.npmjs.org/string_decoder/-/string_decoder-0.10.31.tgz",
      "integrity": "sha1-YuIDvEF2bGwoyfyEMB2rHFMQ+pQ=",
      "dev": true
    },
    "time-stamp": {
      "version": "1.1.0",
      "resolved": "https://registry.npmjs.org/time-stamp/-/time-stamp-1.1.0.tgz",
      "integrity": "sha1-dkpaEa9QVhkhsTPztE5hhofg9cM=",
      "dev": true
    },
    "xml2js": {
      "version": "0.2.6",
      "resolved": "https://registry.npmjs.org/xml2js/-/xml2js-0.2.6.tgz",
      "integrity": "sha1-0gnE5N2h/JxFIUHvQcB39a399sQ=",
      "dev": true,
      "requires": {
        "sax": "0.4.2"
      }
    },
    "xmlbuilder": {
      "version": "0.4.2",
      "resolved": "https://registry.npmjs.org/xmlbuilder/-/xmlbuilder-0.4.2.tgz",
      "integrity": "sha1-F3bWXz/brUcKCNhgTN6xxOVA/4M=",
      "dev": true
    },
    "xoauth2": {
      "version": "0.1.8",
      "resolved": "https://registry.npmjs.org/xoauth2/-/xoauth2-0.1.8.tgz",
      "integrity": "sha1-uRb/EOz7VDIPFvJKPpdRIGU6sNI=",
      "dev": true
    },
    "xtend": {
      "version": "4.0.1",
      "resolved": "https://registry.npmjs.org/xtend/-/xtend-4.0.1.tgz",
      "integrity": "sha1-pcbVMr5lbiPbgg77lDofBJmNY68=",
      "dev": true
    }
  }
}
